
Microsoft Visual Studio Solution File, Format Version 12.00
# Visual Studio Version 17
VisualStudioVersion = 17.5.002.0
MinimumVisualStudioVersion = 10.0.40219.1
Project("{9A19103F-16F7-4668-BE54-9A1E7A4F7556}") = "Avalonia_Blog", "Avalonia_Blog.csproj", "{C394CE44-C794-4B1D-A7EE-0CC29BE6DECF}"
EndProject
Global
	GlobalSection(SolutionConfigurationPlatforms) = preSolution
		Debug|Any CPU = Debug|Any CPU
		Release|Any CPU = Release|Any CPU
	EndGlobalSection
	GlobalSection(ProjectConfigurationPlatforms) = postSolution
		{C394CE44-C794-4B1D-A7EE-0CC29BE6DECF}.Debug|Any CPU.ActiveCfg = Debug|Any CPU
		{C394CE44-C794-4B1D-A7EE-0CC29BE6DECF}.Debug|Any CPU.Build.0 = Debug|Any CPU
		{C394CE44-C794-4B1D-A7EE-0CC29BE6DECF}.Release|Any CPU.ActiveCfg = Release|Any CPU
		{C394CE44-C794-4B1D-A7EE-0CC29BE6DECF}.Release|Any CPU.Build.0 = Release|Any CPU
	EndGlobalSection
	GlobalSection(SolutionProperties) = preSolution
		HideSolutionNode = FALSE
	EndGlobalSection
	GlobalSection(ExtensibilityGlobals) = postSolution
		SolutionGuid = {5F23AB4F-FEFA-474C-B958-EA4571A11824}
	EndGlobalSection
EndGlobal
